version = 1
revision = 3
requires-python = "==3.13.*"

[[package]]
name = "azure-core"
version = "1.41.0"
source = { registry = "https://pypi.org/simple" }
dependencies = [
    { name = "requests" },
    { name = "typing-extensions" },
]
sdist = { url = "https://files.pythonhosted.org/packages/a6/f3/b416179e408990df5db0d516283022dde0f5d0111d98c1a848e41853e81c/azure_core-1.41.0.tar.gz", hash = "sha256:f46ff5dfcd230f25cf1c19e8a34b8dc08a337b2503e268bb600a16c00db8ad5a", size = 381042, upload-time = "2026-05-07T23:30:54.302Z" }
wheels = [
    { url = "https://files.pythonhosted.org/packages/5b/db/325c6d7312d2200251c52323878281045aaffcb5586612296484e4280eaa/azure_core-1.41.0-py3-none-any.whl", hash = "sha256:522b4011e8180b1a3dcd2024396a4e7fe9ac37fb8597db47163d230b5efe892d", size = 220920, upload-time = "2026-05-07T23:30:56.357Z" },
]

[[package]]
name = "azure-functions"
version = "2.1.0"
source = { registry = "https://pypi.org/simple" }
dependencies = [
    { name = "werkzeug" },
]
sdist = { url = "https://files.pythonhosted.org/packages/a5/49/5af2f12a4ac49c5549a4a943f7b78650c98a41c776f8360ca506db246f91/azure_functions-2.1.0.tar.gz", hash = "sha256:f0d95bf53569ff32a7258a0ea7d727d1a174183c79e8240760d90876b3d32acd", size = 145464, upload-time = "2026-04-13T16:14:49.299Z" }
wheels = [
    { url = "https://files.pythonhosted.org/packages/ef/c8/fc414a7e97c0fbf5d0a448d02f7bbd6787829686b9e4edb902fa9e7da64e/azure_functions-2.1.0-py3-none-any.whl", hash = "sha256:f840457d5eab8fd51c18d8b8bd0939080766a7fbb85a821838545c767b3a5c61", size = 114718, upload-time = "2026-04-13T16:14:48.127Z" },
]

[[package]]
name = "azure-functions-runtime"
version = "1.1.1"
source = { registry = "https://pypi.org/simple" }
dependencies = [
    { name = "azure-functions" },
    { name = "azurefunctions-extensions-base" },
]
sdist = { url = "https://files.pythonhosted.org/packages/89/70/46cff8dc9446dc91d8066bdb74ddfd0dac072eed9cb325cb85bf1029c4f6/azure_functions_runtime-1.1.1.tar.gz", hash = "sha256:d8ec368b40c201b8fa0b21552a05cb4b4448cb22fca73c921d69b94d998e5dd0", size = 33801, upload-time = "2026-05-13T20:36:11.465Z" }
wheels = [
    { url = "https://files.pythonhosted.org/packages/6e/8a/e2d6cd36be58a96f8c17ca6dc8b6d3677495e8fc863da564c4dd73440682/azure_functions_runtime-1.1.1-py3-none-any.whl", hash = "sha256:ba08d7196c9be2d7aad8a3b273f316a2d07661efaa87010de0ecb2bdc28ad564", size = 40020, upload-time = "2026-05-13T20:36:10.16Z" },
]

[[package]]
name = "azure-identity"
version = "1.25.3"
source = { registry = "https://pypi.org/simple" }
dependencies = [
    { name = "azure-core" },
    { name = "cryptography" },
    { name = "msal" },
    { name = "msal-extensions" },
    { name = "typing-extensions" },
]
sdist = { url = "https://files.pythonhosted.org/packages/c5/0e/3a63efb48aa4a5ae2cfca61ee152fbcb668092134d3eb8bfda472dd5c617/azure_identity-1.25.3.tar.gz", hash = "sha256:ab23c0d63015f50b630ef6c6cf395e7262f439ce06e5d07a64e874c724f8d9e6", size = 286304, upload-time = "2026-03-13T01:12:20.892Z" }
wheels = [
    { url = "https://files.pythonhosted.org/packages/49/9a/417b3a533e01953a7c618884df2cb05a71e7b68bdbce4fbdb62349d2a2e8/azure_identity-1.25.3-py3-none-any.whl", hash = "sha256:f4d0b956a8146f30333e071374171f3cfa7bdb8073adb8c3814b65567aa7447c", size = 192138, upload-time = "2026-03-13T01:12:22.951Z" },
]

[[package]]
name = "azure-servicebus"
version = "7.14.3"
source = { registry = "https://pypi.org/simple" }
dependencies = [
    { name = "azure-core" },
    { name = "isodate" },
    { name = "typing-extensions" },
]
sdist = { url = "https://files.pythonhosted.org/packages/a8/d2/a5c11d4c955e2875de2383c1af8e43ce4899e8418b22e61d32d2bf103626/azure_servicebus-7.14.3.tar.gz", hash = "sha256:70a63384557aec0bee727740e7b25ded29e9e701b77611764577fd7402389402", size = 534786, upload-time = "2025-10-31T05:30:03.342Z" }
wheels = [
    { url = "https://files.pythonhosted.org/packages/04/e9/d9fd0b2bef14d85b408c51802142b1c8b7bc3ab08514c89432547b1d87d3/azure_servicebus-7.14.3-py3-none-any.whl", hash = "sha256:386f8d32dae8881661ec8d791c38978eca2bbf7ea9f489d6cff8ad9cc6990234", size = 412522, upload-time = "2025-10-31T05:30:05.252Z" },
]

[[package]]
name = "azure-storage-blob"
version = "12.30.0"
source = { registry = "https://pypi.org/simple" }
dependencies = [
    { name = "azure-core" },
    { name = "cryptography" },
    { name = "isodate" },
    { name = "typing-extensions" },
]
sdist = { url = "https://files.pythonhosted.org/packages/3b/48/84a820d898267f662b5c06f7cd76fdb8a9e272b44aa9376cef3ec0f6a294/azure_storage_blob-12.30.0.tar.gz", hash = "sha256:2cd74d4d5731e5eb6b8d5c5056ee115a5e88f8fdf22517b739836fda685018be", size = 618229, upload-time = "2026-06-08T11:45:35.575Z" }
wheels = [
    { url = "https://files.pythonhosted.org/packages/5e/0b/e106f0fd7fa785867d9ffcc47dc9e6237c0e58f51058473b777487a98edc/azure_storage_blob-12.30.0-py3-none-any.whl", hash = "sha256:d415ac50b67a8da6b3ae7e9f1014b1b55cd7aafa0b8d4ca9b380568dc7360423", size = 435610, upload-time = "2026-06-08T11:45:37.213Z" },
]

[[package]]
name = "azurefunctions-extensions-base"
version = "1.2.0"
source = { registry = "https://pypi.org/simple" }
sdist = { url = "https://files.pythonhosted.org/packages/06/08/fe48dc01e2bf60e90398845b6689dfb3427822d3ff18c2b2c0d99af6ffa7/azurefunctions_extensions_base-1.2.0.tar.gz", hash = "sha256:a7728620432937e21b1891bd0e2cee5072127f6bad86fbe54e834d02c994e8a2", size = 20019, upload-time = "2026-05-12T18:14:03.571Z" }
wheels = [
    { url = "https://files.pythonhosted.org/packages/c3/5a/9fa7cf715eb14f5f2b47cf14755bb96436c68cb9db9a13a89083dbaa217d/azurefunctions_extensions_base-1.2.0-py3-none-any.whl", hash = "sha256:ecb8d5e6b698a139c293edde9fee88ec2aea34932a4394020c50e6ecc8a219f9", size = 13328, upload-time = "2026-05-12T18:14:02.566Z" },
]

[[package]]
name = "certifi"
version = "2026.6.17"
source = { registry = "https://pypi.org/simple" }
sdist = { url = "https://files.pythonhosted.org/packages/c9/c7/424b75da314c1045981bd9777432fad05a9e0c69daa4ed7e308bbaffe405/certifi-2026.6.17.tar.gz", hash = "sha256:024c88eeec92ca068db80f02b8b07c9cef7b9fe261d1d535abfd5abd6f6af432", size = 134594, upload-time = "2026-06-17T10:31:07.894Z" }
wheels = [
    { url = "https://files.pythonhosted.org/packages/ef/2f/c5464532e965badff2f4c4c1a3a83f5697f0d7c407ed0cda44aaa99bb451/certifi-2026.6.17-py3-none-any.whl", hash = "sha256:2227dcbaafe0d2f59279d1762ddddc37783ed4354594f194ffc31d20f41fc3db", size = 133289, upload-time = "2026-06-17T10:31:06.348Z" },
]

[[package]]
name = "cffi"
version = "2.0.0"
source = { registry = "https://pypi.org/simple" }
dependencies = [
    { name = "pycparser", marker = "implementation_name != 'PyPy'" },
]
sdist = { url = "https://files.pythonhosted.org/packages/eb/56/b1ba7935a17738ae8453301356628e8147c79dbb825bcbc73dc7401f9846/cffi-2.0.0.tar.gz", hash = "sha256:44d1b5909021139fe36001ae048dbdde8214afa20200eda0f64c068cac5d5529", size = 523588, upload-time = "2025-09-08T23:24:04.541Z" }
wheels = [
    { url = "https://files.pythonhosted.org/packages/4b/8d/a0a47a0c9e413a658623d014e91e74a50cdd2c423f7ccfd44086ef767f90/cffi-2.0.0-cp313-cp313-macosx_10_13_x86_64.whl", hash = "sha256:00bdf7acc5f795150faa6957054fbbca2439db2f775ce831222b66f192f03beb", size = 185230, upload-time = "2025-09-08T23:23:00.879Z" },
    { url = "https://files.pythonhosted.org/packages/4a/d2/a6c0296814556c68ee32009d9c2ad4f85f2707cdecfd7727951ec228005d/cffi-2.0.0-cp313-cp313-macosx_11_0_arm64.whl", hash = "sha256:45d5e886156860dc35862657e1494b9bae8dfa63bf56796f2fb56e1679fc0bca", size = 181043, upload-time = "2025-09-08T23:23:02.231Z" },
    { url = "https://files.pythonhosted.org/packages/b0/1e/d22cc63332bd59b06481ceaac49d6c507598642e2230f201649058a7e704/cffi-2.0.0-cp313-cp313-manylinux1_i686.manylinux2014_i686.manylinux_2_17_i686.manylinux_2_5_i686.whl", hash = "sha256:07b271772c100085dd28b74fa0cd81c8fb1a3ba18b21e03d7c27f3436a10606b", size = 212446, upload-time = "2025-09-08T23:23:03.472Z" },
    { url = "https://files.pythonhosted.org/packages/a9/f5/a2c23eb03b61a0b8747f211eb716446c826ad66818ddc7810cc2cc19b3f2/cffi-2.0.0-cp313-cp313-manylinux2014_aarch64.manylinux_2_17_aarch64.whl", hash = "sha256:d48a880098c96020b02d5a1f7d9251308510ce8858940e6fa99ece33f610838b", size = 220101, upload-time = "2025-09-08T23:23:04.792Z" },
    { url = "https://files.pythonhosted.org/packages/f2/7f/e6647792fc5850d634695bc0e6ab4111ae88e89981d35ac269956605feba/cffi-2.0.0-cp313-cp313-manylinux2014_ppc64le.manylinux_2_17_ppc64le.whl", hash = "sha256:f93fd8e5c8c0a4aa1f424d6173f14a892044054871c771f8566e4008eaa359d2", size = 207948, upload-time = "2025-09-08T23:23:06.127Z" },
    { url = "https://files.pythonhosted.org/packages/cb/1e/a5a1bd6f1fb30f22573f76533de12a00bf274abcdc55c8edab639078abb6/cffi-2.0.0-cp313-cp313-manylinux2014_s390x.manylinux_2_17_s390x.whl", hash = "sha256:dd4f05f54a52fb558f1ba9f528228066954fee3ebe629fc1660d874d040ae5a3", size = 206422, upload-time = "2025-09-08T23:23:07.753Z" },
    { url = "https://files.pythonhosted.org/packages/98/df/0a1755e750013a2081e863e7cd37e0cdd02664372c754e5560099eb7aa44/cffi-2.0.0-cp313-cp313-manylinux2014_x86_64.manylinux_2_17_x86_64.whl", hash = "sha256:c8d3b5532fc71b7a77c09192b4a5a200ea992702734a2e9279a37f2478236f26", size = 219499, upload-time = "2025-09-08T23:23:09.648Z" },
    { url = "https://files.pythonhosted.org/packages/50/e1/a969e687fcf9ea58e6e2a928ad5e2dd88cc12f6f0ab477e9971f2309b57c/cffi-2.0.0-cp313-cp313-musllinux_1_2_aarch64.whl", hash = "sha256:d9b29c1f0ae438d5ee9acb31cadee00a58c46cc9c0b2f9038c6b0b3470877a8c", size = 222928, upload-time = "2025-09-08T23:23:10.928Z" },
    { url = "https://files.pythonhosted.org/packages/36/54/0362578dd2c9e557a28ac77698ed67323ed5b9775ca9d3fe73fe191bb5d8/cffi-2.0.0-cp313-cp313-musllinux_1_2_x86_64.whl", hash = "sha256:6d50360be4546678fc1b79ffe7a66265e28667840010348dd69a314145807a1b", size = 221302, upload-time = "2025-09-08T23:23:12.42Z" },
    { url = "https://files.pythonhosted.org/packages/eb/6d/bf9bda840d5f1dfdbf0feca87fbdb64a918a69bca42cfa0ba7b137c48cb8/cffi-2.0.0-cp313-cp313-win32.whl", hash = "sha256:74a03b9698e198d47562765773b4a8309919089150a0bb17d829ad7b44b60d27", size = 172909, upload-time = "2025-09-08T23:23:14.32Z" },
    { url = "https://files.pythonhosted.org/packages/37/18/6519e1ee6f5a1e579e04b9ddb6f1676c17368a7aba48299c3759bbc3c8b3/cffi-2.0.0-cp313-cp313-win_amd64.whl", hash = "sha256:19f705ada2530c1167abacb171925dd886168931e0a7b78f5bffcae5c6b5be75", size = 183402, upload-time = "2025-09-08T23:23:15.535Z" },
    { url = "https://files.pythonhosted.org/packages/cb/0e/02ceeec9a7d6ee63bb596121c2c8e9b3a9e150936f4fbef6ca1943e6137c/cffi-2.0.0-cp313-cp313-win_arm64.whl", hash = "sha256:256f80b80ca3853f90c21b23ee78cd008713787b1b1e93eae9f3d6a7134abd91", size = 177780, upload-time = "2025-09-08T23:23:16.761Z" },
]

[[package]]
name = "charset-normalizer"
version = "3.4.7"
source = { registry = "https://pypi.org/simple" }
sdist = { url = "https://files.pythonhosted.org/packages/e7/a1/67fe25fac3c7642725500a3f6cfe5821ad557c3abb11c9d20d12c7008d3e/charset_normalizer-3.4.7.tar.gz", hash = "sha256:ae89db9e5f98a11a4bf50407d4363e7b09b31e55bc117b4f7d80aab97ba009e5", size = 144271, upload-time = "2026-04-02T09:28:39.342Z" }
wheels = [
    { url = "https://files.pythonhosted.org/packages/c1/3b/66777e39d3ae1ddc77ee606be4ec6d8cbd4c801f65e5a1b6f2b11b8346dd/charset_normalizer-3.4.7-cp313-cp313-macosx_10_13_universal2.whl", hash = "sha256:f496c9c3cc02230093d8330875c4c3cdfc3b73612a5fd921c65d39cbcef08063", size = 309627, upload-time = "2026-04-02T09:26:45.198Z" },
    { url = "https://files.pythonhosted.org/packages/2e/4e/b7f84e617b4854ade48a1b7915c8ccfadeba444d2a18c291f696e37f0d3b/charset_normalizer-3.4.7-cp313-cp313-manylinux2014_aarch64.manylinux_2_17_aarch64.manylinux_2_28_aarch64.whl", hash = "sha256:0ea948db76d31190bf08bd371623927ee1339d5f2a0b4b1b4a4439a65298703c", size = 207008, upload-time = "2026-04-02T09:26:46.824Z" },
    { url = "https://files.pythonhosted.org/packages/c4/bb/ec73c0257c9e11b268f018f068f5d00aa0ef8c8b09f7753ebd5f2880e248/charset_normalizer-3.4.7-cp313-cp313-manylinux2014_ppc64le.manylinux_2_17_ppc64le.manylinux_2_28_ppc64le.whl", hash = "sha256:a277ab8928b9f299723bc1a2dabb1265911b1a76341f90a510368ca44ad9ab66", size = 228303, upload-time = "2026-04-02T09:26:48.397Z" },
    { url = "https://files.pythonhosted.org/packages/85/fb/32d1f5033484494619f701e719429c69b766bfc4dbc61aa9e9c8c166528b/charset_normalizer-3.4.7-cp313-cp313-manylinux2014_s390x.manylinux_2_17_s390x.manylinux_2_28_s390x.whl", hash = "sha256:3bec022aec2c514d9cf199522a802bd007cd588ab17ab2525f20f9c34d067c18", size = 224282, upload-time = "2026-04-02T09:26:49.684Z" },
    { url = "https://files.pythonhosted.org/packages/fa/07/330e3a0dda4c404d6da83b327270906e9654a24f6c546dc886a0eb0ffb23/charset_normalizer-3.4.7-cp313-cp313-manylinux2014_x86_64.manylinux_2_17_x86_64.manylinux_2_28_x86_64.whl", hash = "sha256:e044c39e41b92c845bc815e5ae4230804e8e7bc29e399b0437d64222d92809dd", size = 215595, upload-time = "2026-04-02T09:26:50.915Z" },
    { url = "https://files.pythonhosted.org/packages/e3/7c/fc890655786e423f02556e0216d4b8c6bcb6bdfa890160dc66bf52dee468/charset_normalizer-3.4.7-cp313-cp313-manylinux_2_31_armv7l.whl", hash = "sha256:f495a1652cf3fbab2eb0639776dad966c2fb874d79d87ca07f9d5f059b8bd215", size = 201986, upload-time = "2026-04-02T09:26:52.197Z" },
    { url = "https://files.pythonhosted.org/packages/d8/97/bfb18b3db2aed3b90cf54dc292ad79fdd5ad65c4eae454099475cbeadd0d/charset_normalizer-3.4.7-cp313-cp313-manylinux_2_31_riscv64.manylinux_2_39_riscv64.whl", hash = "sha256:e712b419df8ba5e42b226c510472b37bd57b38e897d3eca5e8cfd410a29fa859", size = 211711, upload-time = "2026-04-02T09:26:53.49Z" },
    { url = "https://files.pythonhosted.org/packages/6f/a5/a581c13798546a7fd557c82614a5c65a13df2157e9ad6373166d2a3e645d/charset_normalizer-3.4.7-cp313-cp313-musllinux_1_2_aarch64.whl", hash = "sha256:7804338df6fcc08105c7745f1502ba68d900f45fd770d5bdd5288ddccb8a42d8", size = 210036, upload-time = "2026-04-02T09:26:54.975Z" },
    { url = "https://files.pythonhosted.org/packages/8c/bf/b3ab5bcb478e4193d517644b0fb2bf5497fbceeaa7a1bc0f4d5b50953861/charset_normalizer-3.4.7-cp313-cp313-musllinux_1_2_armv7l.whl", hash = "sha256:481551899c856c704d58119b5025793fa6730adda3571971af568f66d2424bb5", size = 202998, upload-time = "2026-04-02T09:26:56.303Z" },
    { url = "https://files.pythonhosted.org/packages/e7/4e/23efd79b65d314fa320ec6017b4b5834d5c12a58ba4610aa353af2e2f577/charset_normalizer-3.4.7-cp313-cp313-musllinux_1_2_ppc64le.whl", hash = "sha256:f59099f9b66f0d7145115e6f80dd8b1d847176df89b234a5a6b3f00437aa0832", size = 230056, upload-time = "2026-04-02T09:26:57.554Z" },
    { url = "https://files.pythonhosted.org/packages/b9/9f/1e1941bc3f0e01df116e68dc37a55c4d249df5e6fa77f008841aef68264f/charset_normalizer-3.4.7-cp313-cp313-musllinux_1_2_riscv64.whl", hash = "sha256:f59ad4c0e8f6bba240a9bb85504faa1ab438237199d4cce5f622761507b8f6a6", size = 211537, upload-time = "2026-04-02T09:26:58.843Z" },
    { url = "https://files.pythonhosted.org/packages/80/0f/088cbb3020d44428964a6c97fe1edfb1b9550396bf6d278330281e8b709c/charset_normalizer-3.4.7-cp313-cp313-musllinux_1_2_s390x.whl", hash = "sha256:3dedcc22d73ec993f42055eff4fcfed9318d1eeb9a6606c55892a26964964e48", size = 226176, upload-time = "2026-04-02T09:27:00.437Z" },
    { url = "https://files.pythonhosted.org/packages/6a/9f/130394f9bbe06f4f63e22641d32fc9b202b7e251c9aef4db044324dac493/charset_normalizer-3.4.7-cp313-cp313-musllinux_1_2_x86_64.whl", hash = "sha256:64f02c6841d7d83f832cd97ccf8eb8a906d06eb95d5276069175c696b024b60a", size = 217723, upload-time = "2026-04-02T09:27:02.021Z" },
    { url = "https://files.pythonhosted.org/packages/73/55/c469897448a06e49f8fa03f6caae97074fde823f432a98f979cc42b90e69/charset_normalizer-3.4.7-cp313-cp313-win32.whl", hash = "sha256:4042d5c8f957e15221d423ba781e85d553722fc4113f523f2feb7b188cc34c5e", size = 148085, upload-time = "2026-04-02T09:27:03.192Z" },
    { url = "https://files.pythonhosted.org/packages/5d/78/1b74c5bbb3f99b77a1715c91b3e0b5bdb6fe302d95ace4f5b1bec37b0167/charset_normalizer-3.4.7-cp313-cp313-win_amd64.whl", hash = "sha256:3946fa46a0cf3e4c8cb1cc52f56bb536310d34f25f01ca9b6c16afa767dab110", size = 158819, upload-time = "2026-04-02T09:27:04.454Z" },
    { url = "https://files.pythonhosted.org/packages/68/86/46bd42279d323deb8687c4a5a811fd548cb7d1de10cf6535d099877a9a9f/charset_normalizer-3.4.7-cp313-cp313-win_arm64.whl", hash = "sha256:80d04837f55fc81da168b98de4f4b797ef007fc8a79ab71c6ec9bc4dd662b15b", size = 147915, upload-time = "2026-04-02T09:27:05.971Z" },
    { url = "https://files.pythonhosted.org/packages/db/8f/61959034484a4a7c527811f4721e75d02d653a35afb0b6054474d8185d4c/charset_normalizer-3.4.7-py3-none-any.whl", hash = "sha256:3dce51d0f5e7951f8bb4900c257dad282f49190fdbebecd4ba99bcc41fef404d", size = 61958, upload-time = "2026-04-02T09:28:37.794Z" },
]

[[package]]
name = "cryptography"
version = "49.0.0"
source = { registry = "https://pypi.org/simple" }
dependencies = [
    { name = "cffi", marker = "platform_python_implementation != 'PyPy'" },
]
sdist = { url = "https://files.pythonhosted.org/packages/1f/99/d1c90d6041656cc6ee229dc99cd67fd0cd5aec3c5f7d72fffc27cc750054/cryptography-49.0.0.tar.gz", hash = "sha256:f89660a348f4f78a92366240a61404e337586ef7f5909a2fef59ca88ef505493", size = 854345, upload-time = "2026-06-12T20:02:30.512Z" }
wheels = [
    { url = "https://files.pythonhosted.org/packages/9b/22/adf66990e63584a68dfb50c24f48a125c07b1699899381c8151e63ed458c/cryptography-49.0.0-cp311-abi3-macosx_11_0_arm64.whl", hash = "sha256:966fe0e9c67490071f14c0d2b1cb2dfb3023c5ce39457343931415f08382f2db", size = 4032100, upload-time = "2026-06-12T20:02:32.143Z" },
    { url = "https://files.pythonhosted.org/packages/09/41/3797cfaf69cae04a13ee78ebd83f0678d9c02b4779d21ce24445326f1a69/cryptography-49.0.0-cp311-abi3-manylinux2014_aarch64.manylinux_2_17_aarch64.whl", hash = "sha256:36d1709f992593689b45bda411498d62c6e365f2ca00b84657d4dadd24de16db", size = 4692978, upload-time = "2026-06-12T20:01:21.305Z" },
    { url = "https://files.pythonhosted.org/packages/e6/8b/43011f7ebe515a8aa20d61f290a326cd890c2e738e16e59eaff8d9c3a412/cryptography-49.0.0-cp311-abi3-manylinux2014_x86_64.manylinux_2_17_x86_64.whl", hash = "sha256:0e959b578856a3924bc0cbb710fc12c387b9412a951389f3ca61704a9e25f325", size = 4716422, upload-time = "2026-06-12T20:01:48.566Z" },
    { url = "https://files.pythonhosted.org/packages/4a/91/01ce7303a4579e6d3a6abef01bd322848e9ea7a219adcabc5048b9033571/cryptography-49.0.0-cp311-abi3-manylinux_2_28_aarch64.whl", hash = "sha256:53ecee2e23f7169b6117e99fc8a944e5e50f79e69758a83b52a00cb98ab2b2d2", size = 4700503, upload-time = "2026-06-12T20:02:47.091Z" },
    { url = "https://files.pythonhosted.org/packages/62/99/a2c95cf8293f07491e9e27c20cc4dcd18176d944e674679adeb1d0173fd6/cryptography-49.0.0-cp311-abi3-manylinux_2_28_ppc64le.whl", hash = "sha256:2eda353d8a27bcbcaa4cbed18994a74ab4d19a2ca897db188ea269ab9b71419b", size = 5309779, upload-time = "2026-06-12T20:02:08.987Z" },
    { url = "https://files.pythonhosted.org/packages/20/2c/0622f20ff02b2ef32558733443805dc82fd4c275be01b2d19d14676f3a1b/cryptography-49.0.0-cp311-abi3-manylinux_2_28_x86_64.whl", hash = "sha256:2afe9051da7ae7bd5905da5a949280c7d2bb75682e188f650a9d0f2756b834c6", size = 4749683, upload-time = "2026-06-12T20:02:03.335Z" },
    { url = "https://files.pythonhosted.org/packages/a3/5b/c5246635d5fd3b64e0d45ae10e99fd32fe9676a79915ccfe5a61ba9af1a5/cryptography-49.0.0-cp311-abi3-manylinux_2_31_armv7l.whl", hash = "sha256:0b82e28ee398a386f0807bba7884d30f25218855690f45115831bcce5d90822c", size = 4337874, upload-time = "2026-06-12T20:02:54.323Z" },
    { url = "https://files.pythonhosted.org/packages/6d/88/05563c7fe2e914e87d1a536d06fe83e66b4e1d95cb593e05aea375531da8/cryptography-49.0.0-cp311-abi3-manylinux_2_34_aarch64.whl", hash = "sha256:ccac2bfebc306b862133e3bb71f3f6ee8bb525240089b2d952e4144b3a6d5da7", size = 4700283, upload-time = "2026-06-12T20:01:34.822Z" },
    { url = "https://files.pythonhosted.org/packages/c4/b6/d7696e4e890d6ae1469935164c9e5215c557671cb78d6e3f458ccceaa632/cryptography-49.0.0-cp311-abi3-manylinux_2_34_ppc64le.whl", hash = "sha256:d0527ce944105f257f605a827d6ebead966c752038b6e8656abb9c5edee6fc68", size = 5265844, upload-time = "2026-06-12T20:01:24.09Z" },
    { url = "https://files.pythonhosted.org/packages/a9/3c/f3ad17eecc1a57b0ba236dc01f90e783c51f4a2f35f64777cc4f47a184b2/cryptography-49.0.0-cp311-abi3-manylinux_2_34_x86_64.whl", hash = "sha256:cbc77da8c523d5abd028635ba850a6966fcee2c82e2bf65a41d1d8afe0f98be9", size = 4749290, upload-time = "2026-06-12T20:01:30.848Z" },
    { url = "https://files.pythonhosted.org/packages/4f/01/339573cf1023163a400b0b5d16f6d507de413b9f60be6fd1b77feeaf6737/cryptography-49.0.0-cp311-abi3-musllinux_1_2_aarch64.whl", hash = "sha256:b87e65d263b3e5d3bb92a57e2a6638e2f31110fa7aa890c7b2dbba42248d0a3f", size = 4834612, upload-time = "2026-06-12T20:01:29.246Z" },
    { url = "https://files.pythonhosted.org/packages/71/fd/577302e213a1be9468f92d1afef66fcf1ef83d516819d9992ca547f592bd/cryptography-49.0.0-cp311-abi3-musllinux_1_2_x86_64.whl", hash = "sha256:66ec79c3904820572d7e987abdf304281f141d37ad9a489b8e97066e7b9b6459", size = 4980804, upload-time = "2026-06-12T20:01:42.853Z" },
    { url = "https://files.pythonhosted.org/packages/1f/09/f42b1d190c5ba75f72062a387f8030d1d75f6ab035788f1d9c4b01de6525/cryptography-49.0.0-cp311-abi3-win_amd64.whl", hash = "sha256:e5dfc1e64de5677cec922ffa8da89c546d0415bf6efdf081842e5d44c84e1f0e", size = 3810026, upload-time = "2026-06-12T20:02:39.262Z" },
    { url = "https://files.pythonhosted.org/packages/19/2a/5bb823f5bedcf80718cea7fbc95ec5515cca3769633c4b01a32be7f30e7c/cryptography-49.0.0-cp39-abi3-macosx_11_0_arm64.whl", hash = "sha256:ec5e529fb80935c94fe7b729f9972b50e351a0e6b50aa294fd5cabb109fcc29a", size = 4025947, upload-time = "2026-06-12T20:01:25.745Z" },
    { url = "https://files.pythonhosted.org/packages/3d/df/40577043ca124e17012f408ddddaeb213b856336ac82ddb3bc915f39e29f/cryptography-49.0.0-cp39-abi3-manylinux2014_aarch64.manylinux_2_17_aarch64.whl", hash = "sha256:f78ff2c9ed8dc2d036b0f4d640e22522213d047c1b14e61205a7e55c80a494d4", size = 4692429, upload-time = "2026-06-12T20:01:53.628Z" },
    { url = "https://files.pythonhosted.org/packages/2c/99/2d13299eb3dd27b02dcfaafcc91d6b5cb3329f7cbd6d8f51921acd566c1a/cryptography-49.0.0-cp39-abi3-manylinux2014_x86_64.manylinux_2_17_x86_64.whl", hash = "sha256:35b151772baff2c74cba7fa290ceaff4c3b11c0c881eb93eb5dbc05a7cfbba18", size = 4700968, upload-time = "2026-06-12T20:02:45.383Z" },
    { url = "https://files.pythonhosted.org/packages/a5/4d/9c0cd02f95e2602dd5e563da149ee0830abef3537be8b34dc56281ebe27a/cryptography-49.0.0-cp39-abi3-manylinux_2_28_aarch64.whl", hash = "sha256:0f21641cf4b30fca7aee061ced0ec7ad7b073518088b7c9969a297c0ae796c69", size = 4697758, upload-time = "2026-06-12T20:01:41.13Z" },
    { url = "https://files.pythonhosted.org/packages/24/01/186c825898477d77e2324d5360fefe622ff1d8d1963ec0554e2cada8ec77/cryptography-49.0.0-cp39-abi3-manylinux_2_28_ppc64le.whl", hash = "sha256:9e82dcc8e56052715fb18b2429e3bca4823b1629136a2084fc45a9a5cecb9b64", size = 5298863, upload-time = "2026-06-12T20:02:24.579Z" },
    { url = "https://files.pythonhosted.org/packages/b8/7b/62cbbab75d0659865bf0273790031544a0b16c8072d258f9428dcd8190dc/cryptography-49.0.0-cp39-abi3-manylinux_2_28_x86_64.whl", hash = "sha256:6f2debedf9ca60cf1d5bd466475638af5130f89965605cd818484d19987d3a21", size = 4735983, upload-time = "2026-06-12T20:01:50.14Z" },
    { url = "https://files.pythonhosted.org/packages/6c/72/3e798c064bc39e471008075d0f9bc9daf77a80879c092e4a8e170c585ed4/cryptography-49.0.0-cp39-abi3-manylinux_2_31_armv7l.whl", hash = "sha256:8c25ceb16df5b9435f3f6a9829204985b0e0cbee3b48aacd432c7d2c850b44d9", size = 4334173, upload-time = "2026-06-12T20:01:44.743Z" },
    { url = "https://files.pythonhosted.org/packages/f0/ee/6fca21d1ac73e06f8bef71940abfd4d2f6472b4bca284d770f32bd4086f6/cryptography-49.0.0-cp39-abi3-manylinux_2_34_aarch64.whl", hash = "sha256:28d8b15e6275f12c8a207dc309dfa957903c927d08d0cc937ee3f63f200693cc", size = 4697298, upload-time = "2026-06-12T20:02:20.918Z" },
    { url = "https://files.pythonhosted.org/packages/67/d0/a5fcd3515f0bae49a7b6d0413cc1bdccdcc1fc0047037a0d480642cdc5d6/cryptography-49.0.0-cp39-abi3-manylinux_2_34_ppc64le.whl", hash = "sha256:6fc361c34fb6aac015ce19435876635e5c6d21db31998b0920f675f131e043b8", size = 5254338, upload-time = "2026-06-12T20:02:22.737Z" },
    { url = "https://files.pythonhosted.org/packages/a0/84/84fe36f19caf857d61cb7fc9c63035a47ffabd84ea12d1d393148efa3615/cryptography-49.0.0-cp39-abi3-manylinux_2_34_x86_64.whl", hash = "sha256:2400ef9c9e2299a25614eb1dea3db54a69b1349efd043bfac9c67630d136df36", size = 4735650, upload-time = "2026-06-12T20:02:41.389Z" },
    { url = "https://files.pythonhosted.org/packages/6c/a0/db537264e234f7273a73ec020873d6d6b39dfd8a53db78b550ca8320440e/cryptography-49.0.0-cp39-abi3-musllinux_1_2_aarch64.whl", hash = "sha256:67e1d20ad9ef3a563c59ef22e7a8a0b8210bd26604369ea4a30a7c66aefe504e", size = 4834820, upload-time = "2026-06-12T20:01:51.847Z" },
    { url = "https://files.pythonhosted.org/packages/93/77/8df9eb486495979bccecd1062e2eaf435250e84437040295b57d09048b0b/cryptography-49.0.0-cp39-abi3-musllinux_1_2_x86_64.whl", hash = "sha256:42b0684e0e40cf26122427802486f6d93aea593612603a94fbf260c7eb1e9c1b", size = 4967968, upload-time = "2026-06-12T20:02:12.524Z" },
    { url = "https://files.pythonhosted.org/packages/c2/e6/f60198ea8d9dfa15fff9ed4ca02ce362f6eadd9ba757dcc50634c4257b63/cryptography-49.0.0-cp39-abi3-win_amd64.whl", hash = "sha256:026ac7423e6fa66872d3bf889be5974507da3944f866f704fa200eadacd00001", size = 3785547, upload-time = "2026-06-12T20:02:26.847Z" },
]

[[package]]
name = "enquiry-functions"
version = "0.1.0"
source = { virtual = "." }
dependencies = [
    { name = "azure-functions" },
    { name = "azure-functions-runtime" },
    { name = "azure-identity" },
    { name = "azure-servicebus" },
    { name = "azure-storage-blob" },
    { name = "pyjwt", extra = ["crypto"] },
]

[package.dev-dependencies]
dev = [
    { name = "ruff" },
]

[package.metadata]
requires-dist = [
    { name = "azure-functions", specifier = ">=2.1.0" },
    { name = "azure-functions-runtime" },
    { name = "azure-identity", specifier = ">=1.25.3" },
    { name = "azure-servicebus", specifier = ">=7.14.3" },
    { name = "azure-storage-blob", specifier = ">=12.0.0" },
    { name = "pyjwt", extras = ["crypto"], specifier = ">=2.13.0" },
]

[package.metadata.requires-dev]
dev = [{ name = "ruff", specifier = ">=0.15.17" }]

[[package]]
name = "idna"
version = "3.18"
source = { registry = "https://pypi.org/simple" }
sdist = { url = "https://files.pythonhosted.org/packages/cd/63/9496c57188a2ee585e0f1db071d75089a11e98aa86eb99d9d7618fc1edce/idna-3.18.tar.gz", hash = "sha256:ffb385a7e039654cef1ab9ef32c6fafe283c0c0467bba1d9029738ce4a14a848", size = 196711, upload-time = "2026-06-02T14:34:07.794Z" }
wheels = [
    { url = "https://files.pythonhosted.org/packages/1e/5e/d4e9f1a599fb8e573b7b87160658329fbf28d19eac2718f51fc3def3aa5a/idna-3.18-py3-none-any.whl", hash = "sha256:7f952cbe720b688055e3f87de14f5c3e5fdaa8bc3928985c4077ca689de849a2", size = 65455, upload-time = "2026-06-02T14:34:06.319Z" },
]

[[package]]
name = "isodate"
version = "0.7.2"
source = { registry = "https://pypi.org/simple" }
sdist = { url = "https://files.pythonhosted.org/packages/54/4d/e940025e2ce31a8ce1202635910747e5a87cc3a6a6bb2d00973375014749/isodate-0.7.2.tar.gz", hash = "sha256:4cd1aa0f43ca76f4a6c6c0292a85f40b35ec2e43e315b59f06e6d32171a953e6", size = 29705, upload-time = "2024-10-08T23:04:11.5Z" }
wheels = [
    { url = "https://files.pythonhosted.org/packages/15/aa/0aca39a37d3c7eb941ba736ede56d689e7be91cab5d9ca846bde3999eba6/isodate-0.7.2-py3-none-any.whl", hash = "sha256:28009937d8031054830160fce6d409ed342816b543597cece116d966c6d99e15", size = 22320, upload-time = "2024-10-08T23:04:09.501Z" },
]

[[package]]
name = "markupsafe"
version = "3.0.3"
source = { registry = "https://pypi.org/simple" }
sdist = { url = "https://files.pythonhosted.org/packages/7e/99/7690b6d4034fffd95959cbe0c02de8deb3098cc577c67bb6a24fe5d7caa7/markupsafe-3.0.3.tar.gz", hash = "sha256:722695808f4b6457b320fdc131280796bdceb04ab50fe1795cd540799ebe1698", size = 80313, upload-time = "2025-09-27T18:37:40.426Z" }
wheels = [
    { url = "https://files.pythonhosted.org/packages/38/2f/907b9c7bbba283e68f20259574b13d005c121a0fa4c175f9bed27c4597ff/markupsafe-3.0.3-cp313-cp313-macosx_10_13_x86_64.whl", hash = "sha256:e1cf1972137e83c5d4c136c43ced9ac51d0e124706ee1c8aa8532c1287fa8795", size = 11622, upload-time = "2025-09-27T18:36:41.777Z" },
    { url = "https://files.pythonhosted.org/packages/9c/d9/5f7756922cdd676869eca1c4e3c0cd0df60ed30199ffd775e319089cb3ed/markupsafe-3.0.3-cp313-cp313-macosx_11_0_arm64.whl", hash = "sha256:116bb52f642a37c115f517494ea5feb03889e04df47eeff5b130b1808ce7c219", size = 12029, upload-time = "2025-09-27T18:36:43.257Z" },
    { url = "https://files.pythonhosted.org/packages/00/07/575a68c754943058c78f30db02ee03a64b3c638586fba6a6dd56830b30a3/markupsafe-3.0.3-cp313-cp313-manylinux2014_aarch64.manylinux_2_17_aarch64.manylinux_2_28_aarch64.whl", hash = "sha256:133a43e73a802c5562be9bbcd03d090aa5a1fe899db609c29e8c8d815c5f6de6", size = 24374, upload-time = "2025-09-27T18:36:44.508Z" },
    { url = "https://files.pythonhosted.org/packages/a9/21/9b05698b46f218fc0e118e1f8168395c65c8a2c750ae2bab54fc4bd4e0e8/markupsafe-3.0.3-cp313-cp313-manylinux2014_x86_64.manylinux_2_17_x86_64.manylinux_2_28_x86_64.whl", hash = "sha256:ccfcd093f13f0f0b7fdd0f198b90053bf7b2f02a3927a30e63f3ccc9df56b676", size = 22980, upload-time = "2025-09-27T18:36:45.385Z" },
    { url = "https://files.pythonhosted.org/packages/7f/71/544260864f893f18b6827315b988c146b559391e6e7e8f7252839b1b846a/markupsafe-3.0.3-cp313-cp313-manylinux_2_31_riscv64.manylinux_2_39_riscv64.whl", hash = "sha256:509fa21c6deb7a7a273d629cf5ec029bc209d1a51178615ddf718f5918992ab9", size = 21990, upload-time = "2025-09-27T18:36:46.916Z" },
    { url = "https://files.pythonhosted.org/packages/c2/28/b50fc2f74d1ad761af2f5dcce7492648b983d00a65b8c0e0cb457c82ebbe/markupsafe-3.0.3-cp313-cp313-musllinux_1_2_aarch64.whl", hash = "sha256:a4afe79fb3de0b7097d81da19090f4df4f8d3a2b3adaa8764138aac2e44f3af1", size = 23784, upload-time = "2025-09-27T18:36:47.884Z" },
    { url = "https://files.pythonhosted.org/packages/ed/76/104b2aa106a208da8b17a2fb72e033a5a9d7073c68f7e508b94916ed47a9/markupsafe-3.0.3-cp313-cp313-musllinux_1_2_riscv64.whl", hash = "sha256:795e7751525cae078558e679d646ae45574b47ed6e7771863fcc079a6171a0fc", size = 21588, upload-time = "2025-09-27T18:36:48.82Z" },
    { url = "https://files.pythonhosted.org/packages/b5/99/16a5eb2d140087ebd97180d95249b00a03aa87e29cc224056274f2e45fd6/markupsafe-3.0.3-cp313-cp313-musllinux_1_2_x86_64.whl", hash = "sha256:8485f406a96febb5140bfeca44a73e3ce5116b2501ac54fe953e488fb1d03b12", size = 23041, upload-time = "2025-09-27T18:36:49.797Z" },
    { url = "https://files.pythonhosted.org/packages/19/bc/e7140ed90c5d61d77cea142eed9f9c303f4c4806f60a1044c13e3f1471d0/markupsafe-3.0.3-cp313-cp313-win32.whl", hash = "sha256:bdd37121970bfd8be76c5fb069c7751683bdf373db1ed6c010162b2a130248ed", size = 14543, upload-time = "2025-09-27T18:36:51.584Z" },
    { url = "https://files.pythonhosted.org/packages/05/73/c4abe620b841b6b791f2edc248f556900667a5a1cf023a6646967ae98335/markupsafe-3.0.3-cp313-cp313-win_amd64.whl", hash = "sha256:9a1abfdc021a164803f4d485104931fb8f8c1efd55bc6b748d2f5774e78b62c5", size = 15113, upload-time = "2025-09-27T18:36:52.537Z" },
    { url = "https://files.pythonhosted.org/packages/f0/3a/fa34a0f7cfef23cf9500d68cb7c32dd64ffd58a12b09225fb03dd37d5b80/markupsafe-3.0.3-cp313-cp313-win_arm64.whl", hash = "sha256:7e68f88e5b8799aa49c85cd116c932a1ac15caaa3f5db09087854d218359e485", size = 13911, upload-time = "2025-09-27T18:36:53.513Z" },
    { url = "https://files.pythonhosted.org/packages/e4/d7/e05cd7efe43a88a17a37b3ae96e79a19e846f3f456fe79c57ca61356ef01/markupsafe-3.0.3-cp313-cp313t-macosx_10_13_x86_64.whl", hash = "sha256:218551f6df4868a8d527e3062d0fb968682fe92054e89978594c28e642c43a73", size = 11658, upload-time = "2025-09-27T18:36:54.819Z" },
    { url = "https://files.pythonhosted.org/packages/99/9e/e412117548182ce2148bdeacdda3bb494260c0b0184360fe0d56389b523b/markupsafe-3.0.3-cp313-cp313t-macosx_11_0_arm64.whl", hash = "sha256:3524b778fe5cfb3452a09d31e7b5adefeea8c5be1d43c4f810ba09f2ceb29d37", size = 12066, upload-time = "2025-09-27T18:36:55.714Z" },
    { url = "https://files.pythonhosted.org/packages/bc/e6/fa0ffcda717ef64a5108eaa7b4f5ed28d56122c9a6d70ab8b72f9f715c80/markupsafe-3.0.3-cp313-cp313t-manylinux2014_aarch64.manylinux_2_17_aarch64.manylinux_2_28_aarch64.whl", hash = "sha256:4e885a3d1efa2eadc93c894a21770e4bc67899e3543680313b09f139e149ab19", size = 25639, upload-time = "2025-09-27T18:36:56.908Z" },
    { url = "https://files.pythonhosted.org/packages/96/ec/2102e881fe9d25fc16cb4b25d5f5cde50970967ffa5dddafdb771237062d/markupsafe-3.0.3-cp313-cp313t-manylinux2014_x86_64.manylinux_2_17_x86_64.manylinux_2_28_x86_64.whl", hash = "sha256:8709b08f4a89aa7586de0aadc8da56180242ee0ada3999749b183aa23df95025", size = 23569, upload-time = "2025-09-27T18:36:57.913Z" },
    { url = "https://files.pythonhosted.org/packages/4b/30/6f2fce1f1f205fc9323255b216ca8a235b15860c34b6798f810f05828e32/markupsafe-3.0.3-cp313-cp313t-manylinux_2_31_riscv64.manylinux_2_39_riscv64.whl", hash = "sha256:b8512a91625c9b3da6f127803b166b629725e68af71f8184ae7e7d54686a56d6", size = 23284, upload-time = "2025-09-27T18:36:58.833Z" },
    { url = "https://files.pythonhosted.org/packages/58/47/4a0ccea4ab9f5dcb6f79c0236d954acb382202721e704223a8aafa38b5c8/markupsafe-3.0.3-cp313-cp313t-musllinux_1_2_aarch64.whl", hash = "sha256:9b79b7a16f7fedff2495d684f2b59b0457c3b493778c9eed31111be64d58279f", size = 24801, upload-time = "2025-09-27T18:36:59.739Z" },
    { url = "https://files.pythonhosted.org/packages/6a/70/3780e9b72180b6fecb83a4814d84c3bf4b4ae4bf0b19c27196104149734c/markupsafe-3.0.3-cp313-cp313t-musllinux_1_2_riscv64.whl", hash = "sha256:12c63dfb4a98206f045aa9563db46507995f7ef6d83b2f68eda65c307c6829eb", size = 22769, upload-time = "2025-09-27T18:37:00.719Z" },
    { url = "https://files.pythonhosted.org/packages/98/c5/c03c7f4125180fc215220c035beac6b9cb684bc7a067c84fc69414d315f5/markupsafe-3.0.3-cp313-cp313t-musllinux_1_2_x86_64.whl", hash = "sha256:8f71bc33915be5186016f675cd83a1e08523649b0e33efdb898db577ef5bb009", size = 23642, upload-time = "2025-09-27T18:37:01.673Z" },
    { url = "https://files.pythonhosted.org/packages/80/d6/2d1b89f6ca4bff1036499b1e29a1d02d282259f3681540e16563f27ebc23/markupsafe-3.0.3-cp313-cp313t-win32.whl", hash = "sha256:69c0b73548bc525c8cb9a251cddf1931d1db4d2258e9599c28c07ef3580ef354", size = 14612, upload-time = "2025-09-27T18:37:02.639Z" },
    { url = "https://files.pythonhosted.org/packages/2b/98/e48a4bfba0a0ffcf9925fe2d69240bfaa19c6f7507b8cd09c70684a53c1e/markupsafe-3.0.3-cp313-cp313t-win_amd64.whl", hash = "sha256:1b4b79e8ebf6b55351f0d91fe80f893b4743f104bff22e90697db1590e47a218", size = 15200, upload-time = "2025-09-27T18:37:03.582Z" },
    { url = "https://files.pythonhosted.org/packages/0e/72/e3cc540f351f316e9ed0f092757459afbc595824ca724cbc5a5d4263713f/markupsafe-3.0.3-cp313-cp313t-win_arm64.whl", hash = "sha256:ad2cf8aa28b8c020ab2fc8287b0f823d0a7d8630784c31e9ee5edea20f406287", size = 13973, upload-time = "2025-09-27T18:37:04.929Z" },
]

[[package]]
name = "msal"
version = "1.37.0"
source = { registry = "https://pypi.org/simple" }
dependencies = [
    { name = "cryptography" },
    { name = "pyjwt", extra = ["crypto"] },
    { name = "requests" },
]
sdist = { url = "https://files.pythonhosted.org/packages/9a/99/d840198ecf6e8057bbc937f129ae940404485d736cda73253bbff9537f01/msal-1.37.0.tar.gz", hash = "sha256:1b1672a33ee467c1d70b341bb16cafd51bb3c817147a95b93263794b03971bec", size = 182444, upload-time = "2026-05-29T19:49:05.561Z" }
wheels = [
    { url = "https://files.pythonhosted.org/packages/94/b0/d807279f4b55d16d1f120d5ac4344c6e39b56732e2a224d40bded7fd67ad/msal-1.37.0-py3-none-any.whl", hash = "sha256:dd17e95a7c71bce75e8108113438ba7c4a086b3bcad4f57a8c09b7af3d753c2d", size = 123725, upload-time = "2026-05-29T19:49:04.335Z" },
]

[[package]]
name = "msal-extensions"
version = "1.3.1"
source = { registry = "https://pypi.org/simple" }
dependencies = [
    { name = "msal" },
]
sdist = { url = "https://files.pythonhosted.org/packages/01/99/5d239b6156eddf761a636bded1118414d161bd6b7b37a9335549ed159396/msal_extensions-1.3.1.tar.gz", hash = "sha256:c5b0fd10f65ef62b5f1d62f4251d51cbcaf003fcedae8c91b040a488614be1a4", size = 23315, upload-time = "2025-03-14T23:51:03.902Z" }
wheels = [
    { url = "https://files.pythonhosted.org/packages/5e/75/bd9b7bb966668920f06b200e84454c8f3566b102183bc55c5473d96cb2b9/msal_extensions-1.3.1-py3-none-any.whl", hash = "sha256:96d3de4d034504e969ac5e85bae8106c8373b5c6568e4c8fa7af2eca9dbe6bca", size = 20583, upload-time = "2025-03-14T23:51:03.016Z" },
]

[[package]]
name = "pycparser"
version = "3.0"
source = { registry = "https://pypi.org/simple" }
sdist = { url = "https://files.pythonhosted.org/packages/1b/7d/92392ff7815c21062bea51aa7b87d45576f649f16458d78b7cf94b9ab2e6/pycparser-3.0.tar.gz", hash = "sha256:600f49d217304a5902ac3c37e1281c9fe94e4d0489de643a9504c5cdfdfc6b29", size = 103492, upload-time = "2026-01-21T14:26:51.89Z" }
wheels = [
    { url = "https://files.pythonhosted.org/packages/0c/c3/44f3fbbfa403ea2a7c779186dc20772604442dde72947e7d01069cbe98e3/pycparser-3.0-py3-none-any.whl", hash = "sha256:b727414169a36b7d524c1c3e31839a521725078d7b2ff038656844266160a992", size = 48172, upload-time = "2026-01-21T14:26:50.693Z" },
]

[[package]]
name = "pyjwt"
version = "2.13.0"
source = { registry = "https://pypi.org/simple" }
sdist = { url = "https://files.pythonhosted.org/packages/3b/81/58d0ac84e1ef3a3843791d6954d94c0b33d526c75eeb1efbce9d0a4c4077/pyjwt-2.13.0.tar.gz", hash = "sha256:41571c89ca91598c79e8ef18a2d07367d4810fbbd6f637794879baf1b7703423", size = 107515, upload-time = "2026-05-21T19:54:36.618Z" }
wheels = [
    { url = "https://files.pythonhosted.org/packages/a3/5e/ecf12fdb62546d64385c158514e9b2b671f7832108ef2ecd2020ce0af2d1/pyjwt-2.13.0-py3-none-any.whl", hash = "sha256:66adcc2aff09b3f1bbd95fc1e1577df8ac8723c978552fd43304c8a290ac5728", size = 31274, upload-time = "2026-05-21T19:54:35.362Z" },
]

[package.optional-dependencies]
crypto = [
    { name = "cryptography" },
]

[[package]]
name = "requests"
version = "2.34.2"
source = { registry = "https://pypi.org/simple" }
dependencies = [
    { name = "certifi" },
    { name = "charset-normalizer" },
    { name = "idna" },
    { name = "urllib3" },
]
sdist = { url = "https://files.pythonhosted.org/packages/ac/c3/e2a2b89f2d3e2179abd6d00ebd70bff6273f37fb3e0cc209f48b39d00cbf/requests-2.34.2.tar.gz", hash = "sha256:f288924cae4e29463698d6d60bc6a4da69c89185ad1e0bcc4104f584e960b9ed", size = 142856, upload-time = "2026-05-14T19:25:27.735Z" }
wheels = [
    { url = "https://files.pythonhosted.org/packages/a0/f4/c67b0b3f1b9245e8d266f0f112c500d50e5b4e83cb6f3b71b6528104182a/requests-2.34.2-py3-none-any.whl", hash = "sha256:2a0d60c172f83ac6ab31e4554906c0f3b3588d37b5cb939b1c061f4907e278e0", size = 73075, upload-time = "2026-05-14T19:25:26.443Z" },
]

[[package]]
name = "ruff"
version = "0.15.17"
source = { registry = "https://pypi.org/simple" }
sdist = { url = "https://files.pythonhosted.org/packages/8c/a9/3abdf488f1bf3d24c699415e454ed554a6350d5d89ce183be1ee0a3361ac/ruff-0.15.17.tar.gz", hash = "sha256:2ec446937fd16c8c4de2674a209cc5af64d9c6f17d21fbf1151054fa0bcf5219", size = 4743346, upload-time = "2026-06-11T17:54:47.663Z" }
wheels = [
    { url = "https://files.pythonhosted.org/packages/db/4d/e11259f5da07cb6afb2d074c31bf09da9671993f7329d4f15d2fdc458301/ruff-0.15.17-py3-none-linux_armv6l.whl", hash = "sha256:d9feddb927fc68bd295f5eebc587a7e42cfaf9b65f60ca4a2386febff575da8f", size = 10856677, upload-time = "2026-06-11T17:54:49.533Z" },
    { url = "https://files.pythonhosted.org/packages/29/3e/772d679e1a0dc058e58875bd2c0cb713a0530877b4a76fee3c7966df0d49/ruff-0.15.17-py3-none-macosx_10_12_x86_64.whl", hash = "sha256:25805a226d741c47d274a35ad5c10a7dde175fcddfa511d7cf3da0a21eb3eab7", size = 11223443, upload-time = "2026-06-11T17:55:00.573Z" },
    { url = "https://files.pythonhosted.org/packages/68/58/bd41f7688b2fd5623012605130ed70e60aa7f2244baa3d5066bdd61530c8/ruff-0.15.17-py3-none-macosx_11_0_arm64.whl", hash = "sha256:f6ad73b14c2d18a3bf8ad7cb6974294d7f613a7898604826058e6ac64918ef4d", size = 10566458, upload-time = "2026-06-11T17:55:07.52Z" },
    { url = "https://files.pythonhosted.org/packages/d8/5b/733371013fcf1ec339e477ece6ab42bfe10bdd9bba8ee88a9516aa56bfc0/ruff-0.15.17-py3-none-manylinux_2_17_aarch64.manylinux2014_aarch64.whl", hash = "sha256:6ba0c1e4f95bcb3869d0d30cbd5917071ef2e28665abfec970cdab0492c713ed", size = 10914483, upload-time = "2026-06-11T17:55:05.501Z" },
    { url = "https://files.pythonhosted.org/packages/bd/cc/6f24251cc0252f7239391ccb85833f320efad14ebe5b443943f37ced6332/ruff-0.15.17-py3-none-manylinux_2_17_armv7l.manylinux2014_armv7l.whl", hash = "sha256:81647960f10bff57d2e51cadd0c3950fe598400c852863a038720ef5b8cca91e", size = 10647497, upload-time = "2026-06-11T17:54:57.733Z" },
    { url = "https://files.pythonhosted.org/packages/68/dd/0d10c17ce1a1624d6fc3156309c3f834fdb5dfaad026ec90c85684f3990e/ruff-0.15.17-py3-none-manylinux_2_17_i686.manylinux2014_i686.whl", hash = "sha256:0e01a84ddbc8c16c23055ba3924476850f1bbc1917cebbb9376665a63e74260d", size = 11416967, upload-time = "2026-06-11T17:54:51.461Z" },
    { url = "https://files.pythonhosted.org/packages/2f/91/556bfb156f6144f355e831c23db00b2fc4120f86b3ce81cc5f7fd2df51f3/ruff-0.15.17-py3-none-manylinux_2_17_ppc64le.manylinux2014_ppc64le.whl", hash = "sha256:84fe9f653152f8f294f9f7e03bf3a453d8b4a27f7a59c78c8666167f2b17b96c", size = 12335770, upload-time = "2026-06-11T17:54:45.793Z" },
    { url = "https://files.pythonhosted.org/packages/88/82/8b5999aa13355e926f06d9f42a32dcca862f623bf0363785ff89d607dffd/ruff-0.15.17-py3-none-manylinux_2_17_s390x.manylinux2014_s390x.whl", hash = "sha256:8c0fe88a7676e7a05b73174d4d4a59cb2ac21ff8263583f87a81a6018475a978", size = 11575441, upload-time = "2026-06-11T17:54:32.661Z" },
    { url = "https://files.pythonhosted.org/packages/11/93/f10377bb04109ca0e8cbc483ff1982c54b6d418210041776f93e8cdc7fa9/ruff-0.15.17-py3-none-manylinux_2_17_x86_64.manylinux2014_x86_64.whl", hash = "sha256:ecfc3c7878fff94633ab0348524e093f9ce3243080416dd7d14f8ba400174719", size = 11557614, upload-time = "2026-06-11T17:54:34.698Z" },
    { url = "https://files.pythonhosted.org/packages/c7/a6/eeeae7f7d5493df41649ab3db92f086b2d0a30199e4efdf8e3dd7a033f24/ruff-0.15.17-py3-none-manylinux_2_31_riscv64.whl", hash = "sha256:b8461180b22420b1bdc289909410930761629fddf2a5aaf60fae1ab26cedc4c4", size = 11544450, upload-time = "2026-06-11T17:54:39.042Z" },
    { url = "https://files.pythonhosted.org/packages/32/88/5991ce565129a24dd4a00db1254b3b5db2e53018cbe4018ea5a89738e727/ruff-0.15.17-py3-none-musllinux_1_2_aarch64.whl", hash = "sha256:6eccbe50a038b503e7140b441aa9c7fc8c1f36edf23ebef9f4165c2f28f568b7", size = 10892524, upload-time = "2026-06-11T17:55:09.432Z" },
    { url = "https://files.pythonhosted.org/packages/f5/1d/0fdd248313425f55223968af04b0a42125466a8d88d21c1d99c6af0a51e8/ruff-0.15.17-py3-none-musllinux_1_2_armv7l.whl", hash = "sha256:382fc0521025f5a8ad447d8bdd523545d0d7646adb718eb1c2dac5065ec27c0f", size = 10659573, upload-time = "2026-06-11T17:54:36.824Z" },
    { url = "https://files.pythonhosted.org/packages/9e/0e/072e8260deb9461062ce9311ced27a8e541229a6ffd483013dd37661e43e/ruff-0.15.17-py3-none-musllinux_1_2_i686.whl", hash = "sha256:456d41fcd1b2777ad63f09a6e7121d43f7b688bbc76a800c10f7f8fb1f912c3f", size = 11127818, upload-time = "2026-06-11T17:55:03.124Z" },
    { url = "https://files.pythonhosted.org/packages/ab/b4/55060a34163121498014696b5f656db5b8c6963768f227dbf0d76b311073/ruff-0.15.17-py3-none-musllinux_1_2_x86_64.whl", hash = "sha256:b1a04bcc94ae6194e9db05d16ad31f298a7194bfbcb08258bbe589cee1d587b8", size = 11655901, upload-time = "2026-06-11T17:54:53.562Z" },
    { url = "https://files.pythonhosted.org/packages/49/71/9b29d6b87cef468d697f43c6a91e3fae4a80185779d7d5a4ef27d173439f/ruff-0.15.17-py3-none-win32.whl", hash = "sha256:596065960ab1ff593f744220c9fe6580eda00a95003cffa9f4048bb5b1bf0392", size = 10925574, upload-time = "2026-06-11T17:54:55.723Z" },
    { url = "https://files.pythonhosted.org/packages/3d/b2/8fc77f3723228836fa5d12497eb71c808f83782e10d058d2b15cfa14640b/ruff-0.15.17-py3-none-win_amd64.whl", hash = "sha256:6769e5fa1710b179b92e0bfa5a51735b35baea9013dadb06d5f44cbcf9547084", size = 12058788, upload-time = "2026-06-11T17:54:41.042Z" },
    { url = "https://files.pythonhosted.org/packages/2d/c7/c53e8dbff9c9dc4b7928773421ae294a5d28fcb8dcda1a089579d3a7e510/ruff-0.15.17-py3-none-win_arm64.whl", hash = "sha256:f3be1fbb34bcdfd146240d8fb92a709d4c2c8191348580a3c044ec60fa0b4456", size = 11355275, upload-time = "2026-06-11T17:54:43.635Z" },
]

[[package]]
name = "typing-extensions"
version = "4.15.0"
source = { registry = "https://pypi.org/simple" }
sdist = { url = "https://files.pythonhosted.org/packages/72/94/1a15dd82efb362ac84269196e94cf00f187f7ed21c242792a923cdb1c61f/typing_extensions-4.15.0.tar.gz", hash = "sha256:0cea48d173cc12fa28ecabc3b837ea3cf6f38c6d1136f85cbaaf598984861466", size = 109391, upload-time = "2025-08-25T13:49:26.313Z" }
wheels = [
    { url = "https://files.pythonhosted.org/packages/18/67/36e9267722cc04a6b9f15c7f3441c2363321a3ea07da7ae0c0707beb2a9c/typing_extensions-4.15.0-py3-none-any.whl", hash = "sha256:f0fa19c6845758ab08074a0cfa8b7aecb71c999ca73d62883bc25cc018c4e548", size = 44614, upload-time = "2025-08-25T13:49:24.86Z" },
]

[[package]]
name = "urllib3"
version = "2.7.0"
source = { registry = "https://pypi.org/simple" }
sdist = { url = "https://files.pythonhosted.org/packages/53/0c/06f8b233b8fd13b9e5ee11424ef85419ba0d8ba0b3138bf360be2ff56953/urllib3-2.7.0.tar.gz", hash = "sha256:231e0ec3b63ceb14667c67be60f2f2c40a518cb38b03af60abc813da26505f4c", size = 433602, upload-time = "2026-05-07T16:13:18.596Z" }
wheels = [
    { url = "https://files.pythonhosted.org/packages/7f/3e/5db95bcf282c52709639744ca2a8b149baccf648e39c8cc87553df9eae0c/urllib3-2.7.0-py3-none-any.whl", hash = "sha256:9fb4c81ebbb1ce9531cce37674bbc6f1360472bc18ca9a553ede278ef7276897", size = 131087, upload-time = "2026-05-07T16:13:17.151Z" },
]

[[package]]
name = "werkzeug"
version = "3.1.8"
source = { registry = "https://pypi.org/simple" }
dependencies = [
    { name = "markupsafe" },
]
sdist = { url = "https://files.pythonhosted.org/packages/dd/b2/381be8cfdee792dd117872481b6e378f85c957dd7c5bca38897b08f765fd/werkzeug-3.1.8.tar.gz", hash = "sha256:9bad61a4268dac112f1c5cd4630a56ede601b6ed420300677a869083d70a4c44", size = 875852, upload-time = "2026-04-02T18:49:14.268Z" }
wheels = [
    { url = "https://files.pythonhosted.org/packages/93/8c/2e650f2afeb7ee576912636c23ddb621c91ac6a98e66dc8d29c3c69446e1/werkzeug-3.1.8-py3-none-any.whl", hash = "sha256:63a77fb8892bf28ebc3178683445222aa500e48ebad5ec77b0ad80f8726b1f50", size = 226459, upload-time = "2026-04-02T18:49:12.72Z" },
]
